{
    "_meta": {
        "hash": {
            "sha256": "b0d70440d84942dd45de4ef5a20469caa15f8a41ee4cae0f0e0c6d4ae6f9ff01"
        },
        "pipfile-spec": 6,
        "requires": {
            "python_version": "3.10"
        },
        "sources": [
            {
                "name": "pypi",
                "url": "https://pypi.org/simple",
                "verify_ssl": true
            }
        ]
    },
    "default": {},
    "develop": {}
}
